
Microsoft Visual Studio Solution File, Format Version 12.00
# Visual Studio Version 16
VisualStudioVersion = 16.0.30114.105
MinimumVisualStudioVersion = 10.0.40219.1
Project("{FAE04EC0-301F-11D3-BF4B-00C04F79EFBC}") = "LS.Remake", "LS.Remake\LS.Remake.csproj", "{396B74D7-F33B-4FF1-B19C-BD740A779931}"
EndProject
Global
	GlobalSection(SolutionConfigurationPlatforms) = preSolution
		Debug|Any CPU = Debug|Any CPU
		Release|Any CPU = Release|Any CPU
	EndGlobalSection
	GlobalSection(ProjectConfigurationPlatforms) = postSolution
		{396B74D7-F33B-4FF1-B19C-BD740A779931}.Debug|Any CPU.ActiveCfg = Debug|Any CPU
		{396B74D7-F33B-4FF1-B19C-BD740A779931}.Debug|Any CPU.Build.0 = Debug|Any CPU
		{396B74D7-F33B-4FF1-B19C-BD740A779931}.Release|Any CPU.ActiveCfg = Release|Any CPU
		{396B74D7-F33B-4FF1-B19C-BD740A779931}.Release|Any CPU.Build.0 = Release|Any CPU
	EndGlobalSection
	GlobalSection(SolutionProperties) = preSolution
		HideSolutionNode = FALSE
	EndGlobalSection
	GlobalSection(ExtensibilityGlobals) = postSolution
		SolutionGuid = {5F769E98-14D3-4AE6-B0A2-504B4626D458}
	EndGlobalSection
EndGlobal
